<?xml version="1.0" encoding="utf-8"?>
<Project ToolsVersion="17.0" xmlns="http://schemas.microsoft.com/developer/msbuild/2003">
  <ItemGroup>
    <ClCompile Include="C:\Users\kouno\Desktop\Projects\Monad\src\aggregator\distribution.cpp">
      <Filter>Source Files</Filter>
    </ClCompile>
    <ClCompile Include="C:\Users\kouno\Desktop\Projects\Monad\src\grid\grid_generator.cpp">
      <Filter>Source Files</Filter>
    </ClCompile>
    <ClCompile Include="C:\Users\kouno\Desktop\Projects\Monad\src\kernel\egm_core.cpp">
      <Filter>Source Files</Filter>
    </ClCompile>
    <ClCompile Include="C:\Users\kouno\Desktop\Projects\Monad\src\main_two_asset.cpp">
      <Filter>Source Files</Filter>
    </ClCompile>
  </ItemGroup>
  <ItemGroup>
    <ClInclude Include="C:\Users\kouno\Desktop\Projects\Monad\src\AnalyticalSolver.hpp">
      <Filter>Header Files</Filter>
    </ClInclude>
    <ClInclude Include="C:\Users\kouno\Desktop\Projects\Monad\src\DistributionAggregator.hpp">
      <Filter>Header Files</Filter>
    </ClInclude>
    <ClInclude Include="C:\Users\kouno\Desktop\Projects\Monad\src\Dual.hpp">
      <Filter>Header Files</Filter>
    </ClInclude>
    <ClInclude Include="C:\Users\kouno\Desktop\Projects\Monad\src\EgmKernel.hpp">
      <Filter>Header Files</Filter>
    </ClInclude>
    <ClInclude Include="C:\Users\kouno\Desktop\Projects\Monad\src\Params.hpp">
      <Filter>Header Files</Filter>
    </ClInclude>
    <ClInclude Include="C:\Users\kouno\Desktop\Projects\Monad\src\UnifiedGrid.hpp">
      <Filter>Header Files</Filter>
    </ClInclude>
    <ClInclude Include="C:\Users\kouno\Desktop\Projects\Monad\src\aggregator\DistributionAggregator3D.hpp">
      <Filter>Header Files</Filter>
    </ClInclude>
    <ClInclude Include="C:\Users\kouno\Desktop\Projects\Monad\src\analysis\InequalityAnalyzer.hpp">
      <Filter>Header Files</Filter>
    </ClInclude>
    <ClInclude Include="C:\Users\kouno\Desktop\Projects\Monad\src\blocks\FiscalBlock.hpp">
      <Filter>Header Files</Filter>
    </ClInclude>
    <ClInclude Include="C:\Users\kouno\Desktop\Projects\Monad\src\blocks\SimpleBlocks.hpp">
      <Filter>Header Files</Filter>
    </ClInclude>
    <ClInclude Include="C:\Users\kouno\Desktop\Projects\Monad\src\blocks\WageBlock.hpp">
      <Filter>Header Files</Filter>
    </ClInclude>
    <ClInclude Include="C:\Users\kouno\Desktop\Projects\Monad\src\gpu\CudaUtils.hpp">
      <Filter>Header Files</Filter>
    </ClInclude>
    <ClInclude Include="C:\Users\kouno\Desktop\Projects\Monad\src\grid\MultiDimGrid.hpp">
      <Filter>Header Files</Filter>
    </ClInclude>
    <ClInclude Include="C:\Users\kouno\Desktop\Projects\Monad\src\io\json_loader.hpp">
      <Filter>Header Files</Filter>
    </ClInclude>
    <ClInclude Include="C:\Users\kouno\Desktop\Projects\Monad\src\kernel\TaxSystem.hpp">
      <Filter>Header Files</Filter>
    </ClInclude>
    <ClInclude Include="C:\Users\kouno\Desktop\Projects\Monad\src\kernel\TwoAssetKernel.hpp">
      <Filter>Header Files</Filter>
    </ClInclude>
    <ClInclude Include="C:\Users\kouno\Desktop\Projects\Monad\src\solver\TwoAssetSolver.hpp">
      <Filter>Header Files</Filter>
    </ClInclude>
    <ClInclude Include="C:\Users\kouno\Desktop\Projects\Monad\src\ssj\FakeNewsAggregator.hpp">
      <Filter>Header Files</Filter>
    </ClInclude>
    <ClInclude Include="C:\Users\kouno\Desktop\Projects\Monad\src\ssj\GeneralEquilibrium.hpp">
      <Filter>Header Files</Filter>
    </ClInclude>
    <ClInclude Include="C:\Users\kouno\Desktop\Projects\Monad\src\ssj\JacobianBuilder3D.hpp">
      <Filter>Header Files</Filter>
    </ClInclude>
    <ClInclude Include="C:\Users\kouno\Desktop\Projects\Monad\src\ssj\SparseMatrixBuilder.hpp">
      <Filter>Header Files</Filter>
    </ClInclude>
    <ClInclude Include="C:\Users\kouno\Desktop\Projects\Monad\src\ssj\SsjSolver3D.hpp">
      <Filter>Header Files</Filter>
    </ClInclude>
    <ClInclude Include="C:\Users\kouno\Desktop\Projects\Monad\src\ssj\aggregator.hpp">
      <Filter>Header Files</Filter>
    </ClInclude>
    <ClInclude Include="C:\Users\kouno\Desktop\Projects\Monad\src\ssj\jacobian_builder.hpp">
      <Filter>Header Files</Filter>
    </ClInclude>
    <ClInclude Include="C:\Users\kouno\Desktop\Projects\Monad\src\ssj\ssj_solver.hpp">
      <Filter>Header Files</Filter>
    </ClInclude>
  </ItemGroup>
  <ItemGroup>
    <CudaCompile Include="..\src\gpu\CudaKernels.cu">
      <Filter>Source Files</Filter>
    </CudaCompile>
  </ItemGroup>
  <ItemGroup>
    <CustomBuild Include="C:\Users\kouno\Desktop\Projects\Monad\CMakeLists.txt" />
  </ItemGroup>
  <ItemGroup>
    <Filter Include="Header Files">
      <UniqueIdentifier>{621BFE73-5864-33F3-B97D-16C8929AC958}</UniqueIdentifier>
    </Filter>
    <Filter Include="Source Files">
      <UniqueIdentifier>{3EC407AB-2EEE-38C0-8614-6D7023134D6B}</UniqueIdentifier>
    </Filter>
  </ItemGroup>
</Project>
