<?xml version="1.0" encoding="utf-8"?>
<Project ToolsVersion="17.0" xmlns="http://schemas.microsoft.com/developer/msbuild/2003">
  <ItemGroup>
    <ClCompile Include="C:\Users\kouno\Desktop\Projects\Monad\src\grid\grid_generator.cpp">
      <Filter>Source Files</Filter>
    </ClCompile>
    <ClCompile Include="C:\Users\kouno\Desktop\Projects\Monad\src\kernel\egm_core.cpp">
      <Filter>Source Files</Filter>
    </ClCompile>
    <ClCompile Include="C:\Users\kouno\Desktop\Projects\Monad\src\aggregator\distribution.cpp">
      <Filter>Source Files</Filter>
    </ClCompile>
    <ClCompile Include="C:\Users\kouno\Desktop\Projects\Monad\src\main_trivial.cpp">
      <Filter>Source Files</Filter>
    </ClCompile>
  </ItemGroup>
  <ItemGroup>
    <CustomBuild Include="C:\Users\kouno\Desktop\Projects\Monad\CMakeLists.txt" />
  </ItemGroup>
  <ItemGroup>
    <Filter Include="Source Files">
      <UniqueIdentifier>{4A4217D5-2337-399B-BA15-3A17721990AA}</UniqueIdentifier>
    </Filter>
  </ItemGroup>
</Project>
