<?xml version="1.0" encoding="utf-8"?>
<Project ToolsVersion="17.0" xmlns="http://schemas.microsoft.com/developer/msbuild/2003">
  <ItemGroup>
    <CustomBuild Include="C:\Users\kouno\Desktop\Projects\Monad\build_solver\CMakeFiles\4be99efc0679d25fb83aef5d1474f14d\generate.stamp.rule">
      <Filter>CMake Rules</Filter>
    </CustomBuild>
  </ItemGroup>
  <ItemGroup>
    <Filter Include="CMake Rules">
      <UniqueIdentifier>{A847D066-D0E6-39C5-B17C-2822A38BC2CE}</UniqueIdentifier>
    </Filter>
  </ItemGroup>
</Project>
